{
    "_meta": {
        "hash": {
            "sha256": "2f1c1b13918ab0530593c417be410f1a3e2372355b7281a859fc17a182ccb146"
        },
        "pipfile-spec": 6,
        "requires": {
            "python_version": "3.6"
        },
        "sources": [
            {
                "name": "pypi",
                "url": "https://pypi.org/simple",
                "verify_ssl": true
            }
        ]
    },
    "default": {
        "llvmlite": {
            "hashes": [
                "sha256:03f5557f9e52bbaeca60a2e89ae71ca907e2f19a03f75fea73d9d5bbf619654e",
                "sha256:1a31702cc1383893a4c3d8103226207399848aaa4d16633051d0a25d78cfc726",
                "sha256:2e83ca852d002d768523251719865223eae693bdf012720eccd0af95aee798b5",
                "sha256:37b0da8df72d575d57e930efdd8e257c72bb9ceb722403483349fbdb5cadb726",
                "sha256:4eeb747c5c8acb7bafb42ae7a69cf95ed21b26d54e7165bc8468f9e9c8a1ed5e",
                "sha256:53981cde265b2dd489b0efccd2e456ac72b849d46a91a4b6f89b0267488edece",
                "sha256:5d4f8433df3bdb5e008b9766aa6de5854f5c5b29314037d301c92ca12bfb7f1a",
                "sha256:5f181a0aae3367787291cdfd07b703ddbb8b08f394fad64d555db7ea217d0f24",
                "sha256:89b9458b1e1c9b3adb48695ba1bf266dffc7cb381265839113eda5a6102e731d",
                "sha256:9c8aae96f7fba10d9ac864b443d1e8c7ee4765c31569a2b201b3d0b67d8fc596",
                "sha256:b9ffc8a7c44f1726330ad8a6bc97272728212ef0667105259c26396e94a76fbd",
                "sha256:c2b71b560555b9ddbdb50425bbecfb1df2d5153c1b0db47e2d23286deb1c3753",
                "sha256:c5a09728fb98336dd3d0f96aafadb2e3b4ccc3214804f71a02afb9ae40cfcd91",
                "sha256:cc4b5564c644ba438cf2616de4731766d093199299d9c7573f6fe8aa5b2c07c3",
                "sha256:f74e8ae96cb82622f17cad04048f8565a906377d61df31bcb7c82038144aded1",
                "sha256:ff7145e263cccb82e93ec88b30e55b7705ce40cde3bd86de26e83e22734b0632"
            ],
            "index": "pypi",
            "version": "==0.33.0"
        }
    },
    "develop": {}
}
